
Microsoft Visual Studio Solution File, Format Version 12.00
# Visual Studio Version 16
VisualStudioVersion = 16.0.29806.167
MinimumVisualStudioVersion = 10.0.40219.1
Project("{9A19103F-16F7-4668-BE54-9A1E7A4F7556}") = "LibraryApi", "LibraryApi\LibraryApi.csproj", "{07FAA3B1-4304-47FB-A138-838E431B016F}"
EndProject
Project("{9A19103F-16F7-4668-BE54-9A1E7A4F7556}") = "LibraryAPIIntergrationTests", "LibraryAPIIntergrationTests\LibraryAPIIntergrationTests.csproj", "{3BF352B2-C843-4674-B2D8-9A983519A10B}"
EndProject
Project("{FAE04EC0-301F-11D3-BF4B-00C04F79EFBC}") = "TimeClient", "TimeClient\TimeClient.csproj", "{8513A19E-1DD5-451A-8C81-9E933CB499D7}"
EndProject
Global
	GlobalSection(SolutionConfigurationPlatforms) = preSolution
		Debug|Any CPU = Debug|Any CPU
		Release|Any CPU = Release|Any CPU
	EndGlobalSection
	GlobalSection(ProjectConfigurationPlatforms) = postSolution
		{07FAA3B1-4304-47FB-A138-838E431B016F}.Debug|Any CPU.ActiveCfg = Debug|Any CPU
		{07FAA3B1-4304-47FB-A138-838E431B016F}.Debug|Any CPU.Build.0 = Debug|Any CPU
		{07FAA3B1-4304-47FB-A138-838E431B016F}.Release|Any CPU.ActiveCfg = Release|Any CPU
		{07FAA3B1-4304-47FB-A138-838E431B016F}.Release|Any CPU.Build.0 = Release|Any CPU
		{3BF352B2-C843-4674-B2D8-9A983519A10B}.Debug|Any CPU.ActiveCfg = Debug|Any CPU
		{3BF352B2-C843-4674-B2D8-9A983519A10B}.Debug|Any CPU.Build.0 = Debug|Any CPU
		{3BF352B2-C843-4674-B2D8-9A983519A10B}.Release|Any CPU.ActiveCfg = Release|Any CPU
		{3BF352B2-C843-4674-B2D8-9A983519A10B}.Release|Any CPU.Build.0 = Release|Any CPU
		{8513A19E-1DD5-451A-8C81-9E933CB499D7}.Debug|Any CPU.ActiveCfg = Debug|Any CPU
		{8513A19E-1DD5-451A-8C81-9E933CB499D7}.Debug|Any CPU.Build.0 = Debug|Any CPU
		{8513A19E-1DD5-451A-8C81-9E933CB499D7}.Release|Any CPU.ActiveCfg = Release|Any CPU
		{8513A19E-1DD5-451A-8C81-9E933CB499D7}.Release|Any CPU.Build.0 = Release|Any CPU
	EndGlobalSection
	GlobalSection(SolutionProperties) = preSolution
		HideSolutionNode = FALSE
	EndGlobalSection
	GlobalSection(ExtensibilityGlobals) = postSolution
		SolutionGuid = {EC9526F0-893B-477F-A4D0-759210C007F6}
	EndGlobalSection
EndGlobal
